{
  "name": "callbacks",
  "version": "0.0.0",
  "lockfileVersion": 1,
  "requires": true,
  "dependencies": {
    "bindings": {
      "version": "1.2.1",
      "resolved": "http://registry.npm.taobao.org/bindings/download/bindings-1.2.1.tgz",
      "integrity": "sha1-FK1hE4EtLTfXLme0ystLtyZQXxE="
    },
    "node-addon-api": {
      "version": "1.2.0",
      "resolved": "http://registry.npm.taobao.org/node-addon-api/download/node-addon-api-1.2.0.tgz",
      "integrity": "sha1-LTeLvtYMu3ueLFBcaDPu2HI/QcQ="
    }
  }
}
